# This file is automatically @generated by Poetry and should not be changed by hand.

[[package]]
name = "biopython"
version = "1.81"
description = "Freely available tools for computational molecular biology."
category = "main"
optional = false
python-versions = ">=3.7"
files = [
    {file = "biopython-1.81-cp310-cp310-macosx_10_9_x86_64.whl", hash = "sha256:ef7c79b65b0b3f3c7dc59e20a7f8ae5758d8e852cb8b9cace590dc5617e348ba"},
    {file = "biopython-1.81-cp310-cp310-manylinux_2_17_x86_64.manylinux2014_x86_64.whl", hash = "sha256:6ebfbce0d91796c7aef422ee9dffe8827e07e5abaa94545e006f1f20e965c80b"},
    {file = "biopython-1.81-cp310-cp310-win32.whl", hash = "sha256:919a2c583cabf9c96d2ae4e1245a6b0376932fb342aca302a0fc198b71ab3275"},
    {file = "biopython-1.81-cp310-cp310-win_amd64.whl", hash = "sha256:b37c0d24191e5c96ca02415a5188551980c83a0d518bbc4ffe3c9a5d1fe0ee81"},
    {file = "biopython-1.81-cp311-cp311-macosx_10_9_x86_64.whl", hash = "sha256:7a168709694e10b338718c18d967edd5b56c237dc88642c22275796007a70000"},
    {file = "biopython-1.81-cp311-cp311-manylinux_2_17_x86_64.manylinux2014_x86_64.whl", hash = "sha256:a51d9c1d1b4b634447535da74a644fae59bc234fbbf9001e2dc6b6fbabb98019"},
    {file = "biopython-1.81-cp311-cp311-win32.whl", hash = "sha256:2f9cfaf16d55ab80d514e7aebe5710dabe4e4ff47ede851031202e33b3249da3"},
    {file = "biopython-1.81-cp311-cp311-win_amd64.whl", hash = "sha256:e41b55edcfd448630e77bf4de66a7235324a8a149621499891da6bd1d5085b9a"},
    {file = "biopython-1.81-cp37-cp37m-macosx_10_9_x86_64.whl", hash = "sha256:3b36ba1bf6395c09a365c53530c9d71f3617763fa2c1d452b3d8948368c0f1de"},
    {file = "biopython-1.81-cp37-cp37m-manylinux_2_17_x86_64.manylinux2014_x86_64.whl", hash = "sha256:7c5c07123ff5f44c9e6b5369df854a38afd3c0c50ef58498a0ae8f7eb799f3e8"},
    {file = "biopython-1.81-cp37-cp37m-manylinux_2_5_i686.manylinux1_i686.manylinux_2_17_i686.manylinux2014_i686.whl", hash = "sha256:97cbdbed01b2512471f36c74b91658d1dfbdcbf39bc038f6ce5a41c3e60a8fc6"},
    {file = "biopython-1.81-cp37-cp37m-win32.whl", hash = "sha256:35506e39822c52d11cf09a3951e82375ca1bb9303960b4286acf02c9a6f6c4cc"},
    {file = "biopython-1.81-cp37-cp37m-win_amd64.whl", hash = "sha256:793c42a376cd63f62f8a088ce39b7dc6b5c55e4e9031d887c434de1595bfa4b8"},
    {file = "biopython-1.81-cp38-cp38-macosx_10_9_x86_64.whl", hash = "sha256:11d673698b3d0d6589292ea951fb62cb24ea27d273eca0d08dbbd956690f97f5"},
    {file = "biopython-1.81-cp38-cp38-manylinux_2_17_x86_64.manylinux2014_x86_64.whl", hash = "sha256:655df416936662c0c8a06a549cb25e1560e1fea5067d850f34fb714b8a3fae6c"},
    {file = "biopython-1.81-cp38-cp38-manylinux_2_5_i686.manylinux1_i686.manylinux_2_17_i686.manylinux2014_i686.whl", hash = "sha256:762c6c43a8486b5fcd07f136a3217b87d24755618b9ea9da1f17124ff44c2ad6"},
    {file = "biopython-1.81-cp38-cp38-win32.whl", hash = "sha256:ee51bb1cd7decffd24da6b76d5e01b7e2fd818ab85cf0c180226cbb5793a3abd"},
    {file = "biopython-1.81-cp38-cp38-win_amd64.whl", hash = "sha256:ccd729249fd5f586dd4c2a3507c2ea2456825d7e615e97c07c409c850eaf4594"},
    {file = "biopython-1.81-cp39-cp39-macosx_10_9_x86_64.whl", hash = "sha256:9ba33244f0eff830beaa7240065bdb5095d96fded6599b76bbb9ddab45cd2bbd"},
    {file = "biopython-1.81-cp39-cp39-manylinux_2_17_x86_64.manylinux2014_x86_64.whl", hash = "sha256:8bb0c690c7368f255ed45236bf0f5464b476b8c083c8f634533921af78278261"},
    {file = "biopython-1.81-cp39-cp39-manylinux_2_5_i686.manylinux1_i686.manylinux_2_17_i686.manylinux2014_i686.whl", hash = "sha256:65b93b513ce9dd7b2ce058720eadf42cd03f312db3409356efeb93123d1320aa"},
    {file = "biopython-1.81-cp39-cp39-win32.whl", hash = "sha256:811796f8d222aa3869a50e31e54ce62b69106b47cd8bb06934867c0d843297b5"},
    {file = "biopython-1.81-cp39-cp39-win_amd64.whl", hash = "sha256:b09efcb4733c8770f25eab5fe555a96a08f5ab9e1bc36939e08ebf2ffbf3e0f1"},
    {file = "biopython-1.81.tar.gz", hash = "sha256:2cf38112b6d8415ad39d6a611988cd11fb5f33eb09346666a87263beba9614e0"},
]

[package.dependencies]
numpy = "*"

[[package]]
name = "black"
version = "22.12.0"
description = "The uncompromising code formatter."
category = "main"
optional = false
python-versions = ">=3.7"
files = [
    {file = "black-22.12.0-cp310-cp310-manylinux_2_17_x86_64.manylinux2014_x86_64.whl", hash = "sha256:9eedd20838bd5d75b80c9f5487dbcb06836a43833a37846cf1d8c1cc01cef59d"},
    {file = "black-22.12.0-cp310-cp310-win_amd64.whl", hash = "sha256:159a46a4947f73387b4d83e87ea006dbb2337eab6c879620a3ba52699b1f4351"},
    {file = "black-22.12.0-cp311-cp311-manylinux_2_17_x86_64.manylinux2014_x86_64.whl", hash = "sha256:d30b212bffeb1e252b31dd269dfae69dd17e06d92b87ad26e23890f3efea366f"},
    {file = "black-22.12.0-cp311-cp311-win_amd64.whl", hash = "sha256:7412e75863aa5c5411886804678b7d083c7c28421210180d67dfd8cf1221e1f4"},
    {file = "black-22.12.0-cp37-cp37m-manylinux_2_17_x86_64.manylinux2014_x86_64.whl", hash = "sha256:c116eed0efb9ff870ded8b62fe9f28dd61ef6e9ddd28d83d7d264a38417dcee2"},
    {file = "black-22.12.0-cp37-cp37m-win_amd64.whl", hash = "sha256:1f58cbe16dfe8c12b7434e50ff889fa479072096d79f0a7f25e4ab8e94cd8350"},
    {file = "black-22.12.0-cp38-cp38-manylinux_2_17_x86_64.manylinux2014_x86_64.whl", hash = "sha256:77d86c9f3db9b1bf6761244bc0b3572a546f5fe37917a044e02f3166d5aafa7d"},
    {file = "black-22.12.0-cp38-cp38-win_amd64.whl", hash = "sha256:82d9fe8fee3401e02e79767016b4907820a7dc28d70d137eb397b92ef3cc5bfc"},
    {file = "black-22.12.0-cp39-cp39-manylinux_2_17_x86_64.manylinux2014_x86_64.whl", hash = "sha256:101c69b23df9b44247bd88e1d7e90154336ac4992502d4197bdac35dd7ee3320"},
    {file = "black-22.12.0-cp39-cp39-win_amd64.whl", hash = "sha256:559c7a1ba9a006226f09e4916060982fd27334ae1998e7a38b3f33a37f7a2148"},
    {file = "black-22.12.0-py3-none-any.whl", hash = "sha256:436cc9167dd28040ad90d3b404aec22cedf24a6e4d7de221bec2730ec0c97bcf"},
    {file = "black-22.12.0.tar.gz", hash = "sha256:229351e5a18ca30f447bf724d007f890f97e13af070bb6ad4c0a441cd7596a2f"},
]

[package.dependencies]
click = ">=8.0.0"
mypy-extensions = ">=0.4.3"
pathspec = ">=0.9.0"
platformdirs = ">=2"
tomli = {version = ">=1.1.0", markers = "python_full_version < \"3.11.0a7\""}
typing-extensions = {version = ">=3.10.0.0", markers = "python_version < \"3.10\""}

[package.extras]
colorama = ["colorama (>=0.4.3)"]
d = ["aiohttp (>=3.7.4)"]
jupyter = ["ipython (>=7.8.0)", "tokenize-rt (>=3.2.0)"]
uvloop = ["uvloop (>=0.15.2)"]

[[package]]
name = "click"
version = "8.1.3"
description = "Composable command line interface toolkit"
category = "main"
optional = false
python-versions = ">=3.7"
files = [
    {file = "click-8.1.3-py3-none-any.whl", hash = "sha256:bb4d8133cb15a609f44e8213d9b391b0809795062913b383c62be0ee95b1db48"},
    {file = "click-8.1.3.tar.gz", hash = "sha256:7682dc8afb30297001674575ea00d1814d808d6a36af415a82bd481d37ba7b8e"},
]

[package.dependencies]
colorama = {version = "*", markers = "platform_system == \"Windows\""}

[[package]]
name = "colorama"
version = "0.4.6"
description = "Cross-platform colored terminal text."
category = "main"
optional = false
python-versions = "!=3.0.*,!=3.1.*,!=3.2.*,!=3.3.*,!=3.4.*,!=3.5.*,!=3.6.*,>=2.7"
files = [
    {file = "colorama-0.4.6-py2.py3-none-any.whl", hash = "sha256:4f1d9991f5acc0ca119f9d443620b77f9d6b33703e51011c16baf57afb285fc6"},
    {file = "colorama-0.4.6.tar.gz", hash = "sha256:08695f5cb7ed6e0531a20572697297273c47b8cae5a63ffc6d6ed5c201be6e44"},
]

[[package]]
name = "commonmark"
version = "0.9.1"
description = "Python parser for the CommonMark Markdown spec"
category = "main"
optional = false
python-versions = "*"
files = [
    {file = "commonmark-0.9.1-py2.py3-none-any.whl", hash = "sha256:da2f38c92590f83de410ba1a3cbceafbc74fee9def35f9251ba9a971d6d66fd9"},
    {file = "commonmark-0.9.1.tar.gz", hash = "sha256:452f9dc859be7f06631ddcb328b6919c67984aca654e5fefb3914d54691aed60"},
]

[package.extras]
test = ["flake8 (==3.7.8)", "hypothesis (==3.55.3)"]

[[package]]
name = "mypy"
version = "0.982"
description = "Optional static typing for Python"
category = "main"
optional = false
python-versions = ">=3.7"
files = [
    {file = "mypy-0.982-cp310-cp310-macosx_10_9_universal2.whl", hash = "sha256:5085e6f442003fa915aeb0a46d4da58128da69325d8213b4b35cc7054090aed5"},
    {file = "mypy-0.982-cp310-cp310-macosx_10_9_x86_64.whl", hash = "sha256:41fd1cf9bc0e1c19b9af13a6580ccb66c381a5ee2cf63ee5ebab747a4badeba3"},
    {file = "mypy-0.982-cp310-cp310-macosx_11_0_arm64.whl", hash = "sha256:f793e3dd95e166b66d50e7b63e69e58e88643d80a3dcc3bcd81368e0478b089c"},
    {file = "mypy-0.982-cp310-cp310-manylinux_2_17_x86_64.manylinux2014_x86_64.whl", hash = "sha256:86ebe67adf4d021b28c3f547da6aa2cce660b57f0432617af2cca932d4d378a6"},
    {file = "mypy-0.982-cp310-cp310-musllinux_1_1_x86_64.whl", hash = "sha256:175f292f649a3af7082fe36620369ffc4661a71005aa9f8297ea473df5772046"},
    {file = "mypy-0.982-cp310-cp310-win_amd64.whl", hash = "sha256:8ee8c2472e96beb1045e9081de8e92f295b89ac10c4109afdf3a23ad6e644f3e"},
    {file = "mypy-0.982-cp37-cp37m-macosx_10_9_x86_64.whl", hash = "sha256:58f27ebafe726a8e5ccb58d896451dd9a662a511a3188ff6a8a6a919142ecc20"},
    {file = "mypy-0.982-cp37-cp37m-manylinux_2_17_x86_64.manylinux2014_x86_64.whl", hash = "sha256:d6af646bd46f10d53834a8e8983e130e47d8ab2d4b7a97363e35b24e1d588947"},
    {file = "mypy-0.982-cp37-cp37m-musllinux_1_1_x86_64.whl", hash = "sha256:e7aeaa763c7ab86d5b66ff27f68493d672e44c8099af636d433a7f3fa5596d40"},
    {file = "mypy-0.982-cp37-cp37m-win_amd64.whl", hash = "sha256:724d36be56444f569c20a629d1d4ee0cb0ad666078d59bb84f8f887952511ca1"},
    {file = "mypy-0.982-cp38-cp38-macosx_10_9_universal2.whl", hash = "sha256:14d53cdd4cf93765aa747a7399f0961a365bcddf7855d9cef6306fa41de01c24"},
    {file = "mypy-0.982-cp38-cp38-macosx_10_9_x86_64.whl", hash = "sha256:26ae64555d480ad4b32a267d10cab7aec92ff44de35a7cd95b2b7cb8e64ebe3e"},
    {file = "mypy-0.982-cp38-cp38-macosx_11_0_arm64.whl", hash = "sha256:6389af3e204975d6658de4fb8ac16f58c14e1bacc6142fee86d1b5b26aa52bda"},
    {file = "mypy-0.982-cp38-cp38-manylinux_2_17_x86_64.manylinux2014_x86_64.whl", hash = "sha256:7b35ce03a289480d6544aac85fa3674f493f323d80ea7226410ed065cd46f206"},
    {file = "mypy-0.982-cp38-cp38-musllinux_1_1_x86_64.whl", hash = "sha256:c6e564f035d25c99fd2b863e13049744d96bd1947e3d3d2f16f5828864506763"},
    {file = "mypy-0.982-cp38-cp38-win_amd64.whl", hash = "sha256:cebca7fd333f90b61b3ef7f217ff75ce2e287482206ef4a8b18f32b49927b1a2"},
    {file = "mypy-0.982-cp39-cp39-macosx_10_9_universal2.whl", hash = "sha256:a705a93670c8b74769496280d2fe6cd59961506c64f329bb179970ff1d24f9f8"},
    {file = "mypy-0.982-cp39-cp39-macosx_10_9_x86_64.whl", hash = "sha256:75838c649290d83a2b83a88288c1eb60fe7a05b36d46cbea9d22efc790002146"},
    {file = "mypy-0.982-cp39-cp39-macosx_11_0_arm64.whl", hash = "sha256:91781eff1f3f2607519c8b0e8518aad8498af1419e8442d5d0afb108059881fc"},
    {file = "mypy-0.982-cp39-cp39-manylinux_2_17_x86_64.manylinux2014_x86_64.whl", hash = "sha256:eaa97b9ddd1dd9901a22a879491dbb951b5dec75c3b90032e2baa7336777363b"},
    {file = "mypy-0.982-cp39-cp39-musllinux_1_1_x86_64.whl", hash = "sha256:a692a8e7d07abe5f4b2dd32d731812a0175626a90a223d4b58f10f458747dd8a"},
    {file = "mypy-0.982-cp39-cp39-win_amd64.whl", hash = "sha256:eb7a068e503be3543c4bd329c994103874fa543c1727ba5288393c21d912d795"},
    {file = "mypy-0.982-py3-none-any.whl", hash = "sha256:1021c241e8b6e1ca5a47e4d52601274ac078a89845cfde66c6d5f769819ffa1d"},
    {file = "mypy-0.982.tar.gz", hash = "sha256:85f7a343542dc8b1ed0a888cdd34dca56462654ef23aa673907305b260b3d746"},
]

[package.dependencies]
mypy-extensions = ">=0.4.3"
tomli = {version = ">=1.1.0", markers = "python_version < \"3.11\""}
typing-extensions = ">=3.10"

[package.extras]
dmypy = ["psutil (>=4.0)"]
python2 = ["typed-ast (>=1.4.0,<2)"]
reports = ["lxml"]

[[package]]
name = "mypy-extensions"
version = "1.0.0"
description = "Type system extensions for programs checked with the mypy type checker."
category = "main"
optional = false
python-versions = ">=3.5"
files = [
    {file = "mypy_extensions-1.0.0-py3-none-any.whl", hash = "sha256:4392f6c0eb8a5668a69e23d168ffa70f0be9ccfd32b5cc2d26a34ae5b844552d"},
    {file = "mypy_extensions-1.0.0.tar.gz", hash = "sha256:75dbf8955dc00442a438fc4d0666508a9a97b6bd41aa2f0ffe9d2f2725af0782"},
]

[[package]]
name = "numpy"
version = "1.24.2"
description = "Fundamental package for array computing in Python"
category = "main"
optional = false
python-versions = ">=3.8"
files = [
    {file = "numpy-1.24.2-cp310-cp310-macosx_10_9_x86_64.whl", hash = "sha256:eef70b4fc1e872ebddc38cddacc87c19a3709c0e3e5d20bf3954c147b1dd941d"},
    {file = "numpy-1.24.2-cp310-cp310-macosx_11_0_arm64.whl", hash = "sha256:e8d2859428712785e8a8b7d2b3ef0a1d1565892367b32f915c4a4df44d0e64f5"},
    {file = "numpy-1.24.2-cp310-cp310-manylinux_2_17_aarch64.manylinux2014_aarch64.whl", hash = "sha256:6524630f71631be2dabe0c541e7675db82651eb998496bbe16bc4f77f0772253"},
    {file = "numpy-1.24.2-cp310-cp310-manylinux_2_17_x86_64.manylinux2014_x86_64.whl", hash = "sha256:a51725a815a6188c662fb66fb32077709a9ca38053f0274640293a14fdd22978"},
    {file = "numpy-1.24.2-cp310-cp310-win32.whl", hash = "sha256:2620e8592136e073bd12ee4536149380695fbe9ebeae845b81237f986479ffc9"},
    {file = "numpy-1.24.2-cp310-cp310-win_amd64.whl", hash = "sha256:97cf27e51fa078078c649a51d7ade3c92d9e709ba2bfb97493007103c741f1d0"},
    {file = "numpy-1.24.2-cp311-cp311-macosx_10_9_x86_64.whl", hash = "sha256:7de8fdde0003f4294655aa5d5f0a89c26b9f22c0a58790c38fae1ed392d44a5a"},
    {file = "numpy-1.24.2-cp311-cp311-macosx_11_0_arm64.whl", hash = "sha256:4173bde9fa2a005c2c6e2ea8ac1618e2ed2c1c6ec8a7657237854d42094123a0"},
    {file = "numpy-1.24.2-cp311-cp311-manylinux_2_17_aarch64.manylinux2014_aarch64.whl", hash = "sha256:4cecaed30dc14123020f77b03601559fff3e6cd0c048f8b5289f4eeabb0eb281"},
    {file = "numpy-1.24.2-cp311-cp311-manylinux_2_17_x86_64.manylinux2014_x86_64.whl", hash = "sha256:9a23f8440561a633204a67fb44617ce2a299beecf3295f0d13c495518908e910"},
    {file = "numpy-1.24.2-cp311-cp311-win32.whl", hash = "sha256:e428c4fbfa085f947b536706a2fc349245d7baa8334f0c5723c56a10595f9b95"},
    {file = "numpy-1.24.2-cp311-cp311-win_amd64.whl", hash = "sha256:557d42778a6869c2162deb40ad82612645e21d79e11c1dc62c6e82a2220ffb04"},
    {file = "numpy-1.24.2-cp38-cp38-macosx_10_9_x86_64.whl", hash = "sha256:d0a2db9d20117bf523dde15858398e7c0858aadca7c0f088ac0d6edd360e9ad2"},
    {file = "numpy-1.24.2-cp38-cp38-macosx_11_0_arm64.whl", hash = "sha256:c72a6b2f4af1adfe193f7beb91ddf708ff867a3f977ef2ec53c0ffb8283ab9f5"},
    {file = "numpy-1.24.2-cp38-cp38-manylinux_2_17_aarch64.manylinux2014_aarch64.whl", hash = "sha256:c29e6bd0ec49a44d7690ecb623a8eac5ab8a923bce0bea6293953992edf3a76a"},
    {file = "numpy-1.24.2-cp38-cp38-manylinux_2_17_x86_64.manylinux2014_x86_64.whl", hash = "sha256:2eabd64ddb96a1239791da78fa5f4e1693ae2dadc82a76bc76a14cbb2b966e96"},
    {file = "numpy-1.24.2-cp38-cp38-win32.whl", hash = "sha256:e3ab5d32784e843fc0dd3ab6dcafc67ef806e6b6828dc6af2f689be0eb4d781d"},
    {file = "numpy-1.24.2-cp38-cp38-win_amd64.whl", hash = "sha256:76807b4063f0002c8532cfeac47a3068a69561e9c8715efdad3c642eb27c0756"},
    {file = "numpy-1.24.2-cp39-cp39-macosx_10_9_x86_64.whl", hash = "sha256:4199e7cfc307a778f72d293372736223e39ec9ac096ff0a2e64853b866a8e18a"},
    {file = "numpy-1.24.2-cp39-cp39-macosx_11_0_arm64.whl", hash = "sha256:adbdce121896fd3a17a77ab0b0b5eedf05a9834a18699db6829a64e1dfccca7f"},
    {file = "numpy-1.24.2-cp39-cp39-manylinux_2_17_aarch64.manylinux2014_aarch64.whl", hash = "sha256:889b2cc88b837d86eda1b17008ebeb679d82875022200c6e8e4ce6cf549b7acb"},
    {file = "numpy-1.24.2-cp39-cp39-manylinux_2_17_x86_64.manylinux2014_x86_64.whl", hash = "sha256:f64bb98ac59b3ea3bf74b02f13836eb2e24e48e0ab0145bbda646295769bd780"},
    {file = "numpy-1.24.2-cp39-cp39-win32.whl", hash = "sha256:63e45511ee4d9d976637d11e6c9864eae50e12dc9598f531c035265991910468"},
    {file = "numpy-1.24.2-cp39-cp39-win_amd64.whl", hash = "sha256:a77d3e1163a7770164404607b7ba3967fb49b24782a6ef85d9b5f54126cc39e5"},
    {file = "numpy-1.24.2-pp38-pypy38_pp73-macosx_10_9_x86_64.whl", hash = "sha256:92011118955724465fb6853def593cf397b4a1367495e0b59a7e69d40c4eb71d"},
    {file = "numpy-1.24.2-pp38-pypy38_pp73-manylinux_2_17_x86_64.manylinux2014_x86_64.whl", hash = "sha256:f9006288bcf4895917d02583cf3411f98631275bc67cce355a7f39f8c14338fa"},
    {file = "numpy-1.24.2-pp38-pypy38_pp73-win_amd64.whl", hash = "sha256:150947adbdfeceec4e5926d956a06865c1c690f2fd902efede4ca6fe2e657c3f"},
    {file = "numpy-1.24.2.tar.gz", hash = "sha256:003a9f530e880cb2cd177cba1af7220b9aa42def9c4afc2a2fc3ee6be7eb2b22"},
]

[[package]]
name = "pathspec"
version = "0.11.0"
description = "Utility library for gitignore style pattern matching of file paths."
category = "main"
optional = false
python-versions = ">=3.7"
files = [
    {file = "pathspec-0.11.0-py3-none-any.whl", hash = "sha256:3a66eb970cbac598f9e5ccb5b2cf58930cd8e3ed86d393d541eaf2d8b1705229"},
    {file = "pathspec-0.11.0.tar.gz", hash = "sha256:64d338d4e0914e91c1792321e6907b5a593f1ab1851de7fc269557a21b30ebbc"},
]

[[package]]
name = "platformdirs"
version = "3.0.0"
description = "A small Python package for determining appropriate platform-specific dirs, e.g. a \"user data dir\"."
category = "main"
optional = false
python-versions = ">=3.7"
files = [
    {file = "platformdirs-3.0.0-py3-none-any.whl", hash = "sha256:b1d5eb14f221506f50d6604a561f4c5786d9e80355219694a1b244bcd96f4567"},
    {file = "platformdirs-3.0.0.tar.gz", hash = "sha256:8a1228abb1ef82d788f74139988b137e78692984ec7b08eaa6c65f1723af28f9"},
]

[package.extras]
docs = ["furo (>=2022.12.7)", "proselint (>=0.13)", "sphinx (>=6.1.3)", "sphinx-autodoc-typehints (>=1.22,!=1.23.4)"]
test = ["appdirs (==1.4.4)", "covdefaults (>=2.2.2)", "pytest (>=7.2.1)", "pytest-cov (>=4)", "pytest-mock (>=3.10)"]

[[package]]
name = "pygments"
version = "2.14.0"
description = "Pygments is a syntax highlighting package written in Python."
category = "main"
optional = false
python-versions = ">=3.6"
files = [
    {file = "Pygments-2.14.0-py3-none-any.whl", hash = "sha256:fa7bd7bd2771287c0de303af8bfdfc731f51bd2c6a47ab69d117138893b82717"},
    {file = "Pygments-2.14.0.tar.gz", hash = "sha256:b3ed06a9e8ac9a9aae5a6f5dbe78a8a58655d17b43b93c078f094ddc476ae297"},
]

[package.extras]
plugins = ["importlib-metadata"]

[[package]]
name = "rich"
version = "12.6.0"
description = "Render rich text, tables, progress bars, syntax highlighting, markdown and more to the terminal"
category = "main"
optional = false
python-versions = ">=3.6.3,<4.0.0"
files = [
    {file = "rich-12.6.0-py3-none-any.whl", hash = "sha256:a4eb26484f2c82589bd9a17c73d32a010b1e29d89f1604cd9bf3a2097b81bb5e"},
    {file = "rich-12.6.0.tar.gz", hash = "sha256:ba3a3775974105c221d31141f2c116f4fd65c5ceb0698657a11e9f295ec93fd0"},
]

[package.dependencies]
commonmark = ">=0.9.0,<0.10.0"
pygments = ">=2.6.0,<3.0.0"
typing-extensions = {version = ">=4.0.0,<5.0", markers = "python_version < \"3.9\""}

[package.extras]
jupyter = ["ipywidgets (>=7.5.1,<8.0.0)"]

[[package]]
name = "scipy"
version = "1.10.0"
description = "Fundamental algorithms for scientific computing in Python"
category = "main"
optional = false
python-versions = "<3.12,>=3.8"
files = [
    {file = "scipy-1.10.0-cp310-cp310-macosx_10_15_x86_64.whl", hash = "sha256:b901b423c91281a974f6cd1c36f5c6c523e665b5a6d5e80fcb2334e14670eefd"},
    {file = "scipy-1.10.0-cp310-cp310-macosx_12_0_arm64.whl", hash = "sha256:16ba05d3d1b9f2141004f3f36888e05894a525960b07f4c2bfc0456b955a00be"},
    {file = "scipy-1.10.0-cp310-cp310-manylinux_2_17_aarch64.manylinux2014_aarch64.whl", hash = "sha256:151f066fe7d6653c3ffefd489497b8fa66d7316e3e0d0c0f7ff6acca1b802809"},
    {file = "scipy-1.10.0-cp310-cp310-manylinux_2_17_x86_64.manylinux2014_x86_64.whl", hash = "sha256:2f9ea0a37aca111a407cb98aa4e8dfde6e5d9333bae06dfa5d938d14c80bb5c3"},
    {file = "scipy-1.10.0-cp310-cp310-win_amd64.whl", hash = "sha256:27e548276b5a88b51212b61f6dda49a24acf5d770dff940bd372b3f7ced8c6c2"},
    {file = "scipy-1.10.0-cp311-cp311-macosx_10_15_x86_64.whl", hash = "sha256:42ab8b9e7dc1ebe248e55f54eea5307b6ab15011a7883367af48dd781d1312e4"},
    {file = "scipy-1.10.0-cp311-cp311-macosx_12_0_arm64.whl", hash = "sha256:e096b062d2efdea57f972d232358cb068413dc54eec4f24158bcbb5cb8bddfd8"},
    {file = "scipy-1.10.0-cp311-cp311-manylinux_2_17_aarch64.manylinux2014_aarch64.whl", hash = "sha256:4df25a28bd22c990b22129d3c637fd5c3be4b7c94f975dca909d8bab3309b694"},
    {file = "scipy-1.10.0-cp311-cp311-manylinux_2_17_x86_64.manylinux2014_x86_64.whl", hash = "sha256:2ad449db4e0820e4b42baccefc98ec772ad7818dcbc9e28b85aa05a536b0f1a2"},
    {file = "scipy-1.10.0-cp311-cp311-win_amd64.whl", hash = "sha256:6faf86ef7717891195ae0537e48da7524d30bc3b828b30c9b115d04ea42f076f"},
    {file = "scipy-1.10.0-cp38-cp38-macosx_10_15_x86_64.whl", hash = "sha256:4bd0e3278126bc882d10414436e58fa3f1eca0aa88b534fcbf80ed47e854f46c"},
    {file = "scipy-1.10.0-cp38-cp38-macosx_12_0_arm64.whl", hash = "sha256:38bfbd18dcc69eeb589811e77fae552fa923067fdfbb2e171c9eac749885f210"},
    {file = "scipy-1.10.0-cp38-cp38-manylinux_2_17_aarch64.manylinux2014_aarch64.whl", hash = "sha256:0ab2a58064836632e2cec31ca197d3695c86b066bc4818052b3f5381bfd2a728"},
    {file = "scipy-1.10.0-cp38-cp38-manylinux_2_17_x86_64.manylinux2014_x86_64.whl", hash = "sha256:5cd7a30970c29d9768a7164f564d1fbf2842bfc77b7d114a99bc32703ce0bf48"},
    {file = "scipy-1.10.0-cp38-cp38-win_amd64.whl", hash = "sha256:9b878c671655864af59c108c20e4da1e796154bd78c0ed6bb02bc41c84625686"},
    {file = "scipy-1.10.0-cp39-cp39-macosx_10_15_x86_64.whl", hash = "sha256:3afcbddb4488ac950ce1147e7580178b333a29cd43524c689b2e3543a080a2c8"},
    {file = "scipy-1.10.0-cp39-cp39-macosx_12_0_arm64.whl", hash = "sha256:6e4497e5142f325a5423ff5fda2fff5b5d953da028637ff7c704378c8c284ea7"},
    {file = "scipy-1.10.0-cp39-cp39-manylinux_2_17_aarch64.manylinux2014_aarch64.whl", hash = "sha256:441cab2166607c82e6d7a8683779cb89ba0f475b983c7e4ab88f3668e268c143"},
    {file = "scipy-1.10.0-cp39-cp39-manylinux_2_17_x86_64.manylinux2014_x86_64.whl", hash = "sha256:0490dc499fe23e4be35b8b6dd1e60a4a34f0c4adb30ac671e6332446b3cbbb5a"},
    {file = "scipy-1.10.0-cp39-cp39-win_amd64.whl", hash = "sha256:954ff69d2d1bf666b794c1d7216e0a746c9d9289096a64ab3355a17c7c59db54"},
    {file = "scipy-1.10.0.tar.gz", hash = "sha256:c8b3cbc636a87a89b770c6afc999baa6bcbb01691b5ccbbc1b1791c7c0a07540"},
]

[package.dependencies]
numpy = ">=1.19.5,<1.27.0"

[package.extras]
dev = ["click", "doit (>=0.36.0)", "flake8", "mypy", "pycodestyle", "pydevtool", "rich-click", "typing_extensions"]
doc = ["matplotlib (>2)", "numpydoc", "pydata-sphinx-theme (==0.9.0)", "sphinx (!=4.1.0)", "sphinx-design (>=0.2.0)"]
test = ["asv", "gmpy2", "mpmath", "pooch", "pytest", "pytest-cov", "pytest-timeout", "pytest-xdist", "scikit-umfpack", "threadpoolctl"]

[[package]]
name = "tomli"
version = "2.0.1"
description = "A lil' TOML parser"
category = "main"
optional = false
python-versions = ">=3.7"
files = [
    {file = "tomli-2.0.1-py3-none-any.whl", hash = "sha256:939de3e7a6161af0c887ef91b7d41a53e7c5a1ca976325f429cb46ea9bc30ecc"},
    {file = "tomli-2.0.1.tar.gz", hash = "sha256:de526c12914f0c550d15924c62d72abc48d6fe7364aa87328337a31007fe8a4f"},
]

[[package]]
name = "typer"
version = "0.6.1"
description = "Typer, build great CLIs. Easy to code. Based on Python type hints."
category = "main"
optional = false
python-versions = ">=3.6"
files = [
    {file = "typer-0.6.1-py3-none-any.whl", hash = "sha256:54b19e5df18654070a82f8c2aa1da456a4ac16a2a83e6dcd9f170e291c56338e"},
    {file = "typer-0.6.1.tar.gz", hash = "sha256:2d5720a5e63f73eaf31edaa15f6ab87f35f0690f8ca233017d7d23d743a91d73"},
]

[package.dependencies]
click = ">=7.1.1,<9.0.0"

[package.extras]
all = ["colorama (>=0.4.3,<0.5.0)", "rich (>=10.11.0,<13.0.0)", "shellingham (>=1.3.0,<2.0.0)"]
dev = ["autoflake (>=1.3.1,<2.0.0)", "flake8 (>=3.8.3,<4.0.0)", "pre-commit (>=2.17.0,<3.0.0)"]
doc = ["mdx-include (>=1.4.1,<2.0.0)", "mkdocs (>=1.1.2,<2.0.0)", "mkdocs-material (>=8.1.4,<9.0.0)"]
test = ["black (>=22.3.0,<23.0.0)", "coverage (>=5.2,<6.0)", "isort (>=5.0.6,<6.0.0)", "mypy (==0.910)", "pytest (>=4.4.0,<5.4.0)", "pytest-cov (>=2.10.0,<3.0.0)", "pytest-sugar (>=0.9.4,<0.10.0)", "pytest-xdist (>=1.32.0,<2.0.0)", "rich (>=10.11.0,<13.0.0)", "shellingham (>=1.3.0,<2.0.0)"]

[[package]]
name = "typing-extensions"
version = "4.5.0"
description = "Backported and Experimental Type Hints for Python 3.7+"
category = "main"
optional = false
python-versions = ">=3.7"
files = [
    {file = "typing_extensions-4.5.0-py3-none-any.whl", hash = "sha256:fb33085c39dd998ac16d1431ebc293a8b3eedd00fd4a32de0ff79002c19511b4"},
    {file = "typing_extensions-4.5.0.tar.gz", hash = "sha256:5cb5f4a79139d699607b3ef622a1dedafa84e115ab0024e0d9c044a9479ca7cb"},
]

[metadata]
lock-version = "2.0"
python-versions = ">=3.8,<3.12"
content-hash = "31f9b79902255167220d5f791a27d6bbef03604b8b4d2139a7e713895bc37a1f"
